
Microsoft Visual Studio Solution File, Format Version 12.00
# Visual Studio Version 16
VisualStudioVersion = 16.0.29001.49
MinimumVisualStudioVersion = 10.0.40219.1
Project("{FAE04EC0-301F-11D3-BF4B-00C04F79EFBC}") = "DataBinding_DB", "DataBinding_DB\DataBinding_DB.csproj", "{2E5B479D-23AE-48D8-BA8E-695F18720FCB}"
EndProject
Global
	GlobalSection(SolutionConfigurationPlatforms) = preSolution
		Debug|Any CPU = Debug|Any CPU
		Release|Any CPU = Release|Any CPU
	EndGlobalSection
	GlobalSection(ProjectConfigurationPlatforms) = postSolution
		{2E5B479D-23AE-48D8-BA8E-695F18720FCB}.Debug|Any CPU.ActiveCfg = Debug|Any CPU
		{2E5B479D-23AE-48D8-BA8E-695F18720FCB}.Debug|Any CPU.Build.0 = Debug|Any CPU
		{2E5B479D-23AE-48D8-BA8E-695F18720FCB}.Release|Any CPU.ActiveCfg = Release|Any CPU
		{2E5B479D-23AE-48D8-BA8E-695F18720FCB}.Release|Any CPU.Build.0 = Release|Any CPU
	EndGlobalSection
	GlobalSection(SolutionProperties) = preSolution
		HideSolutionNode = FALSE
	EndGlobalSection
	GlobalSection(ExtensibilityGlobals) = postSolution
		SolutionGuid = {2B776B94-AA24-495A-9C01-BF903B66C812}
	EndGlobalSection
EndGlobal
