
Microsoft Visual Studio Solution File, Format Version 12.00
# Visual Studio Version 16
VisualStudioVersion = 16.0.29001.49
MinimumVisualStudioVersion = 10.0.40219.1
Project("{FAE04EC0-301F-11D3-BF4B-00C04F79EFBC}") = "FindeDieExe", "FindeDieExe\FindeDieExe.csproj", "{880D4940-D1EB-45E3-93F9-427D52D5A463}"
EndProject
Global
	GlobalSection(SolutionConfigurationPlatforms) = preSolution
		Debug|Any CPU = Debug|Any CPU
		Release|Any CPU = Release|Any CPU
	EndGlobalSection
	GlobalSection(ProjectConfigurationPlatforms) = postSolution
		{880D4940-D1EB-45E3-93F9-427D52D5A463}.Debug|Any CPU.ActiveCfg = Debug|Any CPU
		{880D4940-D1EB-45E3-93F9-427D52D5A463}.Debug|Any CPU.Build.0 = Debug|Any CPU
		{880D4940-D1EB-45E3-93F9-427D52D5A463}.Release|Any CPU.ActiveCfg = Release|Any CPU
		{880D4940-D1EB-45E3-93F9-427D52D5A463}.Release|Any CPU.Build.0 = Release|Any CPU
	EndGlobalSection
	GlobalSection(SolutionProperties) = preSolution
		HideSolutionNode = FALSE
	EndGlobalSection
	GlobalSection(ExtensibilityGlobals) = postSolution
		SolutionGuid = {1CEFE587-57AA-461F-AD06-1186930BA796}
	EndGlobalSection
EndGlobal
