
Microsoft Visual Studio Solution File, Format Version 12.00
# Visual Studio Version 16
VisualStudioVersion = 16.0.29001.49
MinimumVisualStudioVersion = 10.0.40219.1
Project("{FAE04EC0-301F-11D3-BF4B-00C04F79EFBC}") = "WindowsForms_WPF", "WindowsForms_WPF\WindowsForms_WPF.csproj", "{651A57C2-A841-475C-B1BB-CB533837077D}"
EndProject
Global
	GlobalSection(SolutionConfigurationPlatforms) = preSolution
		Debug|Any CPU = Debug|Any CPU
		Release|Any CPU = Release|Any CPU
	EndGlobalSection
	GlobalSection(ProjectConfigurationPlatforms) = postSolution
		{651A57C2-A841-475C-B1BB-CB533837077D}.Debug|Any CPU.ActiveCfg = Debug|Any CPU
		{651A57C2-A841-475C-B1BB-CB533837077D}.Debug|Any CPU.Build.0 = Debug|Any CPU
		{651A57C2-A841-475C-B1BB-CB533837077D}.Release|Any CPU.ActiveCfg = Release|Any CPU
		{651A57C2-A841-475C-B1BB-CB533837077D}.Release|Any CPU.Build.0 = Release|Any CPU
	EndGlobalSection
	GlobalSection(SolutionProperties) = preSolution
		HideSolutionNode = FALSE
	EndGlobalSection
	GlobalSection(ExtensibilityGlobals) = postSolution
		SolutionGuid = {695AFBD7-2B43-4759-BA7F-E4046F18D1BB}
	EndGlobalSection
EndGlobal
