
Microsoft Visual Studio Solution File, Format Version 12.00
# Visual Studio Version 16
VisualStudioVersion = 16.0.29001.49
MinimumVisualStudioVersion = 10.0.40219.1
Project("{FAE04EC0-301F-11D3-BF4B-00C04F79EFBC}") = "BackgroundWorker_Demo", "BackgroundWorker_Demo\BackgroundWorker_Demo.csproj", "{40479A11-BB9A-477F-9A97-2A015760316B}"
EndProject
Global
	GlobalSection(SolutionConfigurationPlatforms) = preSolution
		Debug|Any CPU = Debug|Any CPU
		Release|Any CPU = Release|Any CPU
	EndGlobalSection
	GlobalSection(ProjectConfigurationPlatforms) = postSolution
		{40479A11-BB9A-477F-9A97-2A015760316B}.Debug|Any CPU.ActiveCfg = Debug|Any CPU
		{40479A11-BB9A-477F-9A97-2A015760316B}.Debug|Any CPU.Build.0 = Debug|Any CPU
		{40479A11-BB9A-477F-9A97-2A015760316B}.Release|Any CPU.ActiveCfg = Release|Any CPU
		{40479A11-BB9A-477F-9A97-2A015760316B}.Release|Any CPU.Build.0 = Release|Any CPU
	EndGlobalSection
	GlobalSection(SolutionProperties) = preSolution
		HideSolutionNode = FALSE
	EndGlobalSection
	GlobalSection(ExtensibilityGlobals) = postSolution
		SolutionGuid = {5CEDB34F-5214-4015-BA21-055715E7F2B2}
	EndGlobalSection
EndGlobal
